
Microsoft Visual Studio Solution File, Format Version 12.00
# Visual Studio Version 17
VisualStudioVersion = 17.3.32611.2
MinimumVisualStudioVersion = 10.0.40219.1
Project("{2150E333-8FDC-42A3-9474-1A3956D46DE8}") = "01-Solution Items", "01-Solution Items", "{2564D474-360A-489C-96A0-29A16716C37C}"
	ProjectSection(SolutionItems) = preProject
		.gitattributes = .gitattributes
		.gitignore = .gitignore
		common.props = common.props
		common.test.props = common.test.props
		configureawait.props = configureawait.props
		Directory.Build.props = Directory.Build.props
		Directory.Packages.props = Directory.Packages.props
		global.json = global.json
		latest-versions.json = latest-versions.json
		LICENSE = LICENSE
		NuGet.Config = NuGet.Config
		README.md = README.md
		version.props = version.props
	EndProjectSection
EndProject
Project("{9A19103F-16F7-4668-BE54-9A1E7A4F7556}") = "Heal.Net.Domain", "modules\net\src\Heal.Net.Domain\Heal.Net.Domain.csproj", "{554AD327-6DBA-4F8F-96F8-81CE7A0C863F}"
EndProject
Project("{9A19103F-16F7-4668-BE54-9A1E7A4F7556}") = "Heal.Net.Application", "modules\net\src\Heal.Net.Application\Heal.Net.Application.csproj", "{1A94A50E-06DC-43C1-80B5-B662820EC3EB}"
EndProject
Project("{9A19103F-16F7-4668-BE54-9A1E7A4F7556}") = "Heal.Net.EntityFrameworkCore", "modules\net\src\Heal.Net.EntityFrameworkCore\Heal.Net.EntityFrameworkCore.csproj", "{C956DD76-69C8-4A9C-83EA-D17DF83340FD}"
EndProject
Project("{2150E333-8FDC-42A3-9474-1A3956D46DE8}") = "03-modules", "03-modules", "{CA9AC87F-097E-4F15-8393-4BC07735A5B0}"
EndProject
Project("{9A19103F-16F7-4668-BE54-9A1E7A4F7556}") = "Heal.Net.Domain.Shared", "modules\net\src\Heal.Net.Domain.Shared\Heal.Net.Domain.Shared.csproj", "{42F719ED-8413-4895-B5B4-5AB56079BC66}"
EndProject
Project("{9A19103F-16F7-4668-BE54-9A1E7A4F7556}") = "Heal.Net.Application.Contracts", "modules\net\src\Heal.Net.Application.Contracts\Heal.Net.Application.Contracts.csproj", "{520659C8-C734-4298-A3DA-B539DB9DFC0B}"
EndProject
Project("{9A19103F-16F7-4668-BE54-9A1E7A4F7556}") = "Heal.Net.HttpApi", "modules\net\src\Heal.Net.HttpApi\Heal.Net.HttpApi.csproj", "{4164BDF7-F527-4E85-9CE6-E3C2D7426A27}"
EndProject
Project("{9A19103F-16F7-4668-BE54-9A1E7A4F7556}") = "Heal.Net.HttpApi.Client", "modules\net\src\Heal.Net.HttpApi.Client\Heal.Net.HttpApi.Client.csproj", "{3B5A0094-670D-4BB1-BFDD-61B88A8773DC}"
EndProject
Project("{9A19103F-16F7-4668-BE54-9A1E7A4F7556}") = "Heal.Net.DbMigrator", "modules\net\src\Heal.Net.DbMigrator\Heal.Net.DbMigrator.csproj", "{70680696-BB1E-4383-BCB2-42C3767171FB}"
EndProject
Project("{9A19103F-16F7-4668-BE54-9A1E7A4F7556}") = "Heal.Net.HttpApi.Host", "modules\net\src\Heal.Net.HttpApi.Host\Heal.Net.HttpApi.Host.csproj", "{96E5259E-59A3-4FAF-BCD1-5BF8E74EF82C}"
EndProject
Project("{2150E333-8FDC-42A3-9474-1A3956D46DE8}") = "net", "net", "{02EA681E-C7D8-13C7-8484-4AC65E1B71E8}"
EndProject
Project("{2150E333-8FDC-42A3-9474-1A3956D46DE8}") = "src", "src", "{33B6E626-D3E5-466E-8800-D3ED1FCD5744}"
EndProject
Project("{2150E333-8FDC-42A3-9474-1A3956D46DE8}") = "02-framework", "02-framework", "{3C0F0FB5-5A95-4D34-8CE1-FAD7CBC49FEA}"
EndProject
Project("{2150E333-8FDC-42A3-9474-1A3956D46DE8}") = "src", "src", "{0A73766D-D452-45B4-A077-1A027ECB5620}"
EndProject
Project("{FAE04EC0-301F-11D3-BF4B-00C04F79EFBC}") = "Heal.Application", "framework\src\Heal.Application\Heal.Application.csproj", "{31D00C86-2AEC-400D-ACA6-B20E0BBF9E75}"
EndProject
Project("{FAE04EC0-301F-11D3-BF4B-00C04F79EFBC}") = "Heal.Application.Contracts", "framework\src\Heal.Application.Contracts\Heal.Application.Contracts.csproj", "{897C0809-B185-4A01-890C-57C4A2C53B0D}"
EndProject
Project("{FAE04EC0-301F-11D3-BF4B-00C04F79EFBC}") = "Heal.Domain", "framework\src\Heal.Domain\Heal.Domain.csproj", "{5CED3379-B263-4BD9-A004-951BC6D43A27}"
EndProject
Project("{FAE04EC0-301F-11D3-BF4B-00C04F79EFBC}") = "Heal.Domain.Shared", "framework\src\Heal.Domain.Shared\Heal.Domain.Shared.csproj", "{1E26B4AF-3CC6-4779-9C2B-5EABA27B2BCA}"
EndProject
Project("{FAE04EC0-301F-11D3-BF4B-00C04F79EFBC}") = "Heal.EntityFrameworkCore", "framework\src\Heal.EntityFrameworkCore\Heal.EntityFrameworkCore.csproj", "{856ACB45-4BDE-414C-A900-6740809A26C0}"
EndProject
Project("{FAE04EC0-301F-11D3-BF4B-00C04F79EFBC}") = "Heal.HttpApi", "framework\src\Heal.HttpApi\Heal.HttpApi.csproj", "{C92A0BE6-3F39-4D32-9F9C-593733D42F0B}"
EndProject
Project("{FAE04EC0-301F-11D3-BF4B-00C04F79EFBC}") = "Heal.HttpApi.Client", "framework\src\Heal.HttpApi.Client\Heal.HttpApi.Client.csproj", "{1933EB1A-9DC0-4F25-80FA-521F46C1AEF4}"
EndProject
Global
	GlobalSection(SolutionConfigurationPlatforms) = preSolution
		Debug|Any CPU = Debug|Any CPU
		Release|Any CPU = Release|Any CPU
	EndGlobalSection
	GlobalSection(ProjectConfigurationPlatforms) = postSolution
		{554AD327-6DBA-4F8F-96F8-81CE7A0C863F}.Debug|Any CPU.ActiveCfg = Debug|Any CPU
		{554AD327-6DBA-4F8F-96F8-81CE7A0C863F}.Debug|Any CPU.Build.0 = Debug|Any CPU
		{554AD327-6DBA-4F8F-96F8-81CE7A0C863F}.Release|Any CPU.ActiveCfg = Release|Any CPU
		{554AD327-6DBA-4F8F-96F8-81CE7A0C863F}.Release|Any CPU.Build.0 = Release|Any CPU
		{1A94A50E-06DC-43C1-80B5-B662820EC3EB}.Debug|Any CPU.ActiveCfg = Debug|Any CPU
		{1A94A50E-06DC-43C1-80B5-B662820EC3EB}.Debug|Any CPU.Build.0 = Debug|Any CPU
		{1A94A50E-06DC-43C1-80B5-B662820EC3EB}.Release|Any CPU.ActiveCfg = Release|Any CPU
		{1A94A50E-06DC-43C1-80B5-B662820EC3EB}.Release|Any CPU.Build.0 = Release|Any CPU
		{C956DD76-69C8-4A9C-83EA-D17DF83340FD}.Debug|Any CPU.ActiveCfg = Debug|Any CPU
		{C956DD76-69C8-4A9C-83EA-D17DF83340FD}.Debug|Any CPU.Build.0 = Debug|Any CPU
		{C956DD76-69C8-4A9C-83EA-D17DF83340FD}.Release|Any CPU.ActiveCfg = Release|Any CPU
		{C956DD76-69C8-4A9C-83EA-D17DF83340FD}.Release|Any CPU.Build.0 = Release|Any CPU
		{42F719ED-8413-4895-B5B4-5AB56079BC66}.Debug|Any CPU.ActiveCfg = Debug|Any CPU
		{42F719ED-8413-4895-B5B4-5AB56079BC66}.Debug|Any CPU.Build.0 = Debug|Any CPU
		{42F719ED-8413-4895-B5B4-5AB56079BC66}.Release|Any CPU.ActiveCfg = Release|Any CPU
		{42F719ED-8413-4895-B5B4-5AB56079BC66}.Release|Any CPU.Build.0 = Release|Any CPU
		{520659C8-C734-4298-A3DA-B539DB9DFC0B}.Debug|Any CPU.ActiveCfg = Debug|Any CPU
		{520659C8-C734-4298-A3DA-B539DB9DFC0B}.Debug|Any CPU.Build.0 = Debug|Any CPU
		{520659C8-C734-4298-A3DA-B539DB9DFC0B}.Release|Any CPU.ActiveCfg = Release|Any CPU
		{520659C8-C734-4298-A3DA-B539DB9DFC0B}.Release|Any CPU.Build.0 = Release|Any CPU
		{4164BDF7-F527-4E85-9CE6-E3C2D7426A27}.Debug|Any CPU.ActiveCfg = Debug|Any CPU
		{4164BDF7-F527-4E85-9CE6-E3C2D7426A27}.Debug|Any CPU.Build.0 = Debug|Any CPU
		{4164BDF7-F527-4E85-9CE6-E3C2D7426A27}.Release|Any CPU.ActiveCfg = Release|Any CPU
		{4164BDF7-F527-4E85-9CE6-E3C2D7426A27}.Release|Any CPU.Build.0 = Release|Any CPU
		{3B5A0094-670D-4BB1-BFDD-61B88A8773DC}.Debug|Any CPU.ActiveCfg = Debug|Any CPU
		{3B5A0094-670D-4BB1-BFDD-61B88A8773DC}.Debug|Any CPU.Build.0 = Debug|Any CPU
		{3B5A0094-670D-4BB1-BFDD-61B88A8773DC}.Release|Any CPU.ActiveCfg = Release|Any CPU
		{3B5A0094-670D-4BB1-BFDD-61B88A8773DC}.Release|Any CPU.Build.0 = Release|Any CPU
		{70680696-BB1E-4383-BCB2-42C3767171FB}.Debug|Any CPU.ActiveCfg = Debug|Any CPU
		{70680696-BB1E-4383-BCB2-42C3767171FB}.Debug|Any CPU.Build.0 = Debug|Any CPU
		{70680696-BB1E-4383-BCB2-42C3767171FB}.Release|Any CPU.ActiveCfg = Release|Any CPU
		{70680696-BB1E-4383-BCB2-42C3767171FB}.Release|Any CPU.Build.0 = Release|Any CPU
		{96E5259E-59A3-4FAF-BCD1-5BF8E74EF82C}.Debug|Any CPU.ActiveCfg = Debug|Any CPU
		{96E5259E-59A3-4FAF-BCD1-5BF8E74EF82C}.Debug|Any CPU.Build.0 = Debug|Any CPU
		{96E5259E-59A3-4FAF-BCD1-5BF8E74EF82C}.Release|Any CPU.ActiveCfg = Release|Any CPU
		{96E5259E-59A3-4FAF-BCD1-5BF8E74EF82C}.Release|Any CPU.Build.0 = Release|Any CPU
		{31D00C86-2AEC-400D-ACA6-B20E0BBF9E75}.Debug|Any CPU.ActiveCfg = Debug|Any CPU
		{31D00C86-2AEC-400D-ACA6-B20E0BBF9E75}.Debug|Any CPU.Build.0 = Debug|Any CPU
		{31D00C86-2AEC-400D-ACA6-B20E0BBF9E75}.Release|Any CPU.ActiveCfg = Release|Any CPU
		{31D00C86-2AEC-400D-ACA6-B20E0BBF9E75}.Release|Any CPU.Build.0 = Release|Any CPU
		{897C0809-B185-4A01-890C-57C4A2C53B0D}.Debug|Any CPU.ActiveCfg = Debug|Any CPU
		{897C0809-B185-4A01-890C-57C4A2C53B0D}.Debug|Any CPU.Build.0 = Debug|Any CPU
		{897C0809-B185-4A01-890C-57C4A2C53B0D}.Release|Any CPU.ActiveCfg = Release|Any CPU
		{897C0809-B185-4A01-890C-57C4A2C53B0D}.Release|Any CPU.Build.0 = Release|Any CPU
		{5CED3379-B263-4BD9-A004-951BC6D43A27}.Debug|Any CPU.ActiveCfg = Debug|Any CPU
		{5CED3379-B263-4BD9-A004-951BC6D43A27}.Debug|Any CPU.Build.0 = Debug|Any CPU
		{5CED3379-B263-4BD9-A004-951BC6D43A27}.Release|Any CPU.ActiveCfg = Release|Any CPU
		{5CED3379-B263-4BD9-A004-951BC6D43A27}.Release|Any CPU.Build.0 = Release|Any CPU
		{1E26B4AF-3CC6-4779-9C2B-5EABA27B2BCA}.Debug|Any CPU.ActiveCfg = Debug|Any CPU
		{1E26B4AF-3CC6-4779-9C2B-5EABA27B2BCA}.Debug|Any CPU.Build.0 = Debug|Any CPU
		{1E26B4AF-3CC6-4779-9C2B-5EABA27B2BCA}.Release|Any CPU.ActiveCfg = Release|Any CPU
		{1E26B4AF-3CC6-4779-9C2B-5EABA27B2BCA}.Release|Any CPU.Build.0 = Release|Any CPU
		{856ACB45-4BDE-414C-A900-6740809A26C0}.Debug|Any CPU.ActiveCfg = Debug|Any CPU
		{856ACB45-4BDE-414C-A900-6740809A26C0}.Debug|Any CPU.Build.0 = Debug|Any CPU
		{856ACB45-4BDE-414C-A900-6740809A26C0}.Release|Any CPU.ActiveCfg = Release|Any CPU
		{856ACB45-4BDE-414C-A900-6740809A26C0}.Release|Any CPU.Build.0 = Release|Any CPU
		{C92A0BE6-3F39-4D32-9F9C-593733D42F0B}.Debug|Any CPU.ActiveCfg = Debug|Any CPU
		{C92A0BE6-3F39-4D32-9F9C-593733D42F0B}.Debug|Any CPU.Build.0 = Debug|Any CPU
		{C92A0BE6-3F39-4D32-9F9C-593733D42F0B}.Release|Any CPU.ActiveCfg = Release|Any CPU
		{C92A0BE6-3F39-4D32-9F9C-593733D42F0B}.Release|Any CPU.Build.0 = Release|Any CPU
		{1933EB1A-9DC0-4F25-80FA-521F46C1AEF4}.Debug|Any CPU.ActiveCfg = Debug|Any CPU
		{1933EB1A-9DC0-4F25-80FA-521F46C1AEF4}.Debug|Any CPU.Build.0 = Debug|Any CPU
		{1933EB1A-9DC0-4F25-80FA-521F46C1AEF4}.Release|Any CPU.ActiveCfg = Release|Any CPU
		{1933EB1A-9DC0-4F25-80FA-521F46C1AEF4}.Release|Any CPU.Build.0 = Release|Any CPU
	EndGlobalSection
	GlobalSection(SolutionProperties) = preSolution
		HideSolutionNode = FALSE
	EndGlobalSection
	GlobalSection(NestedProjects) = preSolution
		{554AD327-6DBA-4F8F-96F8-81CE7A0C863F} = {33B6E626-D3E5-466E-8800-D3ED1FCD5744}
		{1A94A50E-06DC-43C1-80B5-B662820EC3EB} = {33B6E626-D3E5-466E-8800-D3ED1FCD5744}
		{C956DD76-69C8-4A9C-83EA-D17DF83340FD} = {33B6E626-D3E5-466E-8800-D3ED1FCD5744}
		{42F719ED-8413-4895-B5B4-5AB56079BC66} = {33B6E626-D3E5-466E-8800-D3ED1FCD5744}
		{520659C8-C734-4298-A3DA-B539DB9DFC0B} = {33B6E626-D3E5-466E-8800-D3ED1FCD5744}
		{4164BDF7-F527-4E85-9CE6-E3C2D7426A27} = {33B6E626-D3E5-466E-8800-D3ED1FCD5744}
		{3B5A0094-670D-4BB1-BFDD-61B88A8773DC} = {33B6E626-D3E5-466E-8800-D3ED1FCD5744}
		{70680696-BB1E-4383-BCB2-42C3767171FB} = {33B6E626-D3E5-466E-8800-D3ED1FCD5744}
		{96E5259E-59A3-4FAF-BCD1-5BF8E74EF82C} = {33B6E626-D3E5-466E-8800-D3ED1FCD5744}
		{02EA681E-C7D8-13C7-8484-4AC65E1B71E8} = {CA9AC87F-097E-4F15-8393-4BC07735A5B0}
		{33B6E626-D3E5-466E-8800-D3ED1FCD5744} = {02EA681E-C7D8-13C7-8484-4AC65E1B71E8}
		{0A73766D-D452-45B4-A077-1A027ECB5620} = {3C0F0FB5-5A95-4D34-8CE1-FAD7CBC49FEA}
		{31D00C86-2AEC-400D-ACA6-B20E0BBF9E75} = {0A73766D-D452-45B4-A077-1A027ECB5620}
		{897C0809-B185-4A01-890C-57C4A2C53B0D} = {0A73766D-D452-45B4-A077-1A027ECB5620}
		{5CED3379-B263-4BD9-A004-951BC6D43A27} = {0A73766D-D452-45B4-A077-1A027ECB5620}
		{1E26B4AF-3CC6-4779-9C2B-5EABA27B2BCA} = {0A73766D-D452-45B4-A077-1A027ECB5620}
		{856ACB45-4BDE-414C-A900-6740809A26C0} = {0A73766D-D452-45B4-A077-1A027ECB5620}
		{C92A0BE6-3F39-4D32-9F9C-593733D42F0B} = {0A73766D-D452-45B4-A077-1A027ECB5620}
		{1933EB1A-9DC0-4F25-80FA-521F46C1AEF4} = {0A73766D-D452-45B4-A077-1A027ECB5620}
	EndGlobalSection
	GlobalSection(ExtensibilityGlobals) = postSolution
		SolutionGuid = {28315BFD-90E7-4E14-A2EA-F3D23AF4126F}
	EndGlobalSection
EndGlobal
